
Microsoft Visual Studio Solution File, Format Version 12.00
# Visual Studio Version 17
VisualStudioVersion = 17.14.36717.8 d17.14
MinimumVisualStudioVersion = 10.0.40219.1
Project("{FAE04EC0-301F-11D3-BF4B-00C04F79EFBC}") = "数据库课程设计", "数据库课程设计.csproj", "{D83FEF33-C3CA-4CBC-8019-68CC9F6FC7B7}"
EndProject
Global
	GlobalSection(SolutionConfigurationPlatforms) = preSolution
		Debug|Any CPU = Debug|Any CPU
		Release|Any CPU = Release|Any CPU
	EndGlobalSection
	GlobalSection(ProjectConfigurationPlatforms) = postSolution
		{D83FEF33-C3CA-4CBC-8019-68CC9F6FC7B7}.Debug|Any CPU.ActiveCfg = Debug|Any CPU
		{D83FEF33-C3CA-4CBC-8019-68CC9F6FC7B7}.Debug|Any CPU.Build.0 = Debug|Any CPU
		{D83FEF33-C3CA-4CBC-8019-68CC9F6FC7B7}.Release|Any CPU.ActiveCfg = Release|Any CPU
		{D83FEF33-C3CA-4CBC-8019-68CC9F6FC7B7}.Release|Any CPU.Build.0 = Release|Any CPU
	EndGlobalSection
	GlobalSection(SolutionProperties) = preSolution
		HideSolutionNode = FALSE
	EndGlobalSection
	GlobalSection(ExtensibilityGlobals) = postSolution
		SolutionGuid = {BE453E10-6D52-4399-984D-CF679B7A6D59}
	EndGlobalSection
EndGlobal
